{
  "object": {
    "pins": [
      {
        "package": "DangerSwiftCoverage",
        "repositoryURL": "https://github.com/f-meloni/danger-swift-coverage",
        "state": {
          "branch": null,
          "revision": "f8dbe265ea8d8d2936d861bff10ea280b742d237",
          "version": "1.1.0"
        }
      },
      {
        "package": "Logger",
        "repositoryURL": "https://github.com/shibapm/Logger",
        "state": {
          "branch": null,
          "revision": "53c3ecca5abe8cf46697e33901ee774236d94cce",
          "version": "0.2.3"
        }
      },
      {
        "package": "OctoKit",
        "repositoryURL": "https://github.com/nerdishbynature/octokit.swift",
        "state": {
          "branch": null,
          "revision": "c391cfba4d33f3f4c7d7d8fa6708970f7d30af82",
          "version": "0.10.1"
        }
      },
      {
        "package": "RequestKit",
        "repositoryURL": "https://github.com/nerdishbynature/RequestKit.git",
        "state": {
          "branch": null,
          "revision": "defcc7cb005995f261b47e357874a539f3b5c679",
          "version": "2.3.0"
        }
      },
      {
        "package": "danger-swift",
        "repositoryURL": "https://github.com/danger/swift.git",
        "state": {
          "branch": null,
          "revision": "e5364bd91e21d5a1526ec5ac1fdd83d28743fe94",
          "version": "3.3.0"
        }
      },
      {
        "package": "Version",
        "repositoryURL": "https://github.com/mxcl/Version",
        "state": {
          "branch": null,
          "revision": "200046c93f6d5d78a6d72bfd9c0b27a95e9c0a2b",
          "version": "1.2.0"
        }
      }
    ]
  },
  "version": 1
}
