// !$*UTF8*$!
{
	archiveVersion = 1;
	classes = {
	};
	objectVersion = 50;
	objects = {

/* Begin PBXBuildFile section */
		F6749C9D2321B9D4000BDC1C /* CoreNavigation.framework in Frameworks */ = {isa = PBXBuildFile; fileRef = F6749C932321B9D4000BDC1C /* CoreNavigation.framework */; };
		F6749CA42321B9D4000BDC1C /* CoreNavigation.h in Headers */ = {isa = PBXBuildFile; fileRef = F6749C962321B9D4000BDC1C /* CoreNavigation.h */; settings = {ATTRIBUTES = (Public, ); }; };
		F6749CB12321BAE0000BDC1C /* NavigationRoute.swift in Sources */ = {isa = PBXBuildFile; fileRef = F6749CB02321BAE0000BDC1C /* NavigationRoute.swift */; };
/* End PBXBuildFile section */

/* Begin PBXContainerItemProxy section */
		F6749C9E2321B9D4000BDC1C /* PBXContainerItemProxy */ = {
			isa = PBXContainerItemProxy;
			containerPortal = F6749C8A2321B9D4000BDC1C /* Project object */;
			proxyType = 1;
			remoteGlobalIDString = F6749C922321B9D4000BDC1C;
			remoteInfo = CoreNavigation;
		};
/* End PBXContainerItemProxy section */

/* Begin PBXFileReference section */
		F6749C932321B9D4000BDC1C /* CoreNavigation.framework */ = {isa = PBXFileReference; explicitFileType = wrapper.framework; includeInIndex = 0; path = CoreNavigation.framework; sourceTree = BUILT_PRODUCTS_DIR; };
		F6749C962321B9D4000BDC1C /* CoreNavigation.h */ = {isa = PBXFileReference; lastKnownFileType = sourcecode.c.h; path = CoreNavigation.h; sourceTree = "<group>"; };
		F6749C972321B9D4000BDC1C /* Info.plist */ = {isa = PBXFileReference; lastKnownFileType = text.plist.xml; path = Info.plist; sourceTree = "<group>"; };
		F6749C9C2321B9D4000BDC1C /* CoreNavigationTests.xctest */ = {isa = PBXFileReference; explicitFileType = wrapper.cfbundle; includeInIndex = 0; path = CoreNavigationTests.xctest; sourceTree = BUILT_PRODUCTS_DIR; };
		F6749CA32321B9D4000BDC1C /* Info.plist */ = {isa = PBXFileReference; lastKnownFileType = text.plist.xml; path = Info.plist; sourceTree = "<group>"; };
		F6749CB02321BAE0000BDC1C /* NavigationRoute.swift */ = {isa = PBXFileReference; lastKnownFileType = sourcecode.swift; path = NavigationRoute.swift; sourceTree = "<group>"; };
/* End PBXFileReference section */

/* Begin PBXFrameworksBuildPhase section */
		F6749C902321B9D4000BDC1C /* Frameworks */ = {
			isa = PBXFrameworksBuildPhase;
			buildActionMask = 2147483647;
			files = (
			);
			runOnlyForDeploymentPostprocessing = 0;
		};
		F6749C992321B9D4000BDC1C /* Frameworks */ = {
			isa = PBXFrameworksBuildPhase;
			buildActionMask = 2147483647;
			files = (
				F6749C9D2321B9D4000BDC1C /* CoreNavigation.framework in Frameworks */,
			);
			runOnlyForDeploymentPostprocessing = 0;
		};
/* End PBXFrameworksBuildPhase section */

/* Begin PBXGroup section */
		F6749C892321B9D4000BDC1C = {
			isa = PBXGroup;
			children = (
				F6749C952321B9D4000BDC1C /* Sources */,
				F6749CA02321B9D4000BDC1C /* Tests */,
				F6749C942321B9D4000BDC1C /* Products */,
			);
			sourceTree = "<group>";
		};
		F6749C942321B9D4000BDC1C /* Products */ = {
			isa = PBXGroup;
			children = (
				F6749C932321B9D4000BDC1C /* CoreNavigation.framework */,
				F6749C9C2321B9D4000BDC1C /* CoreNavigationTests.xctest */,
			);
			name = Products;
			sourceTree = "<group>";
		};
		F6749C952321B9D4000BDC1C /* Sources */ = {
			isa = PBXGroup;
			children = (
				F6749CAD2321B9EE000BDC1C /* Top */,
				F6749CAE2321B9F5000BDC1C /* Base */,
			);
			path = Sources;
			sourceTree = "<group>";
		};
		F6749CA02321B9D4000BDC1C /* Tests */ = {
			isa = PBXGroup;
			children = (
				F6749CA32321B9D4000BDC1C /* Info.plist */,
			);
			path = Tests;
			sourceTree = "<group>";
		};
		F6749CAD2321B9EE000BDC1C /* Top */ = {
			isa = PBXGroup;
			children = (
				F6749C962321B9D4000BDC1C /* CoreNavigation.h */,
				F6749C972321B9D4000BDC1C /* Info.plist */,
			);
			path = Top;
			sourceTree = "<group>";
		};
		F6749CAE2321B9F5000BDC1C /* Base */ = {
			isa = PBXGroup;
			children = (
				F6749CAF2321BAC6000BDC1C /* Routes */,
			);
			path = Base;
			sourceTree = "<group>";
		};
		F6749CAF2321BAC6000BDC1C /* Routes */ = {
			isa = PBXGroup;
			children = (
				F6749CB02321BAE0000BDC1C /* NavigationRoute.swift */,
			);
			path = Routes;
			sourceTree = "<group>";
		};
/* End PBXGroup section */

/* Begin PBXHeadersBuildPhase section */
		F6749C8E2321B9D4000BDC1C /* Headers */ = {
			isa = PBXHeadersBuildPhase;
			buildActionMask = 2147483647;
			files = (
				F6749CA42321B9D4000BDC1C /* CoreNavigation.h in Headers */,
			);
			runOnlyForDeploymentPostprocessing = 0;
		};
/* End PBXHeadersBuildPhase section */

/* Begin PBXNativeTarget section */
		F6749C922321B9D4000BDC1C /* CoreNavigation */ = {
			isa = PBXNativeTarget;
			buildConfigurationList = F6749CA72321B9D4000BDC1C /* Build configuration list for PBXNativeTarget "CoreNavigation" */;
			buildPhases = (
				F6749C8E2321B9D4000BDC1C /* Headers */,
				F6749C8F2321B9D4000BDC1C /* Sources */,
				F6749C902321B9D4000BDC1C /* Frameworks */,
				F6749C912321B9D4000BDC1C /* Resources */,
			);
			buildRules = (
			);
			dependencies = (
			);
			name = CoreNavigation;
			productName = CoreNavigation;
			productReference = F6749C932321B9D4000BDC1C /* CoreNavigation.framework */;
			productType = "com.apple.product-type.framework";
		};
		F6749C9B2321B9D4000BDC1C /* CoreNavigationTests */ = {
			isa = PBXNativeTarget;
			buildConfigurationList = F6749CAA2321B9D4000BDC1C /* Build configuration list for PBXNativeTarget "CoreNavigationTests" */;
			buildPhases = (
				F6749C982321B9D4000BDC1C /* Sources */,
				F6749C992321B9D4000BDC1C /* Frameworks */,
				F6749C9A2321B9D4000BDC1C /* Resources */,
			);
			buildRules = (
			);
			dependencies = (
				F6749C9F2321B9D4000BDC1C /* PBXTargetDependency */,
			);
			name = CoreNavigationTests;
			productName = CoreNavigationTests;
			productReference = F6749C9C2321B9D4000BDC1C /* CoreNavigationTests.xctest */;
			productType = "com.apple.product-type.bundle.unit-test";
		};
/* End PBXNativeTarget section */

/* Begin PBXProject section */
		F6749C8A2321B9D4000BDC1C /* Project object */ = {
			isa = PBXProject;
			attributes = {
				LastSwiftUpdateCheck = 1030;
				LastUpgradeCheck = 1030;
				ORGANIZATIONNAME = "An Tran";
				TargetAttributes = {
					F6749C922321B9D4000BDC1C = {
						CreatedOnToolsVersion = 10.3;
						LastSwiftMigration = 1030;
					};
					F6749C9B2321B9D4000BDC1C = {
						CreatedOnToolsVersion = 10.3;
					};
				};
			};
			buildConfigurationList = F6749C8D2321B9D4000BDC1C /* Build configuration list for PBXProject "CoreNavigation" */;
			compatibilityVersion = "Xcode 9.3";
			developmentRegion = en;
			hasScannedForEncodings = 0;
			knownRegions = (
				en,
			);
			mainGroup = F6749C892321B9D4000BDC1C;
			productRefGroup = F6749C942321B9D4000BDC1C /* Products */;
			projectDirPath = "";
			projectRoot = "";
			targets = (
				F6749C922321B9D4000BDC1C /* CoreNavigation */,
				F6749C9B2321B9D4000BDC1C /* CoreNavigationTests */,
			);
		};
/* End PBXProject section */

/* Begin PBXResourcesBuildPhase section */
		F6749C912321B9D4000BDC1C /* Resources */ = {
			isa = PBXResourcesBuildPhase;
			buildActionMask = 2147483647;
			files = (
			);
			runOnlyForDeploymentPostprocessing = 0;
		};
		F6749C9A2321B9D4000BDC1C /* Resources */ = {
			isa = PBXResourcesBuildPhase;
			buildActionMask = 2147483647;
			files = (
			);
			runOnlyForDeploymentPostprocessing = 0;
		};
/* End PBXResourcesBuildPhase section */

/* Begin PBXSourcesBuildPhase section */
		F6749C8F2321B9D4000BDC1C /* Sources */ = {
			isa = PBXSourcesBuildPhase;
			buildActionMask = 2147483647;
			files = (
				F6749CB12321BAE0000BDC1C /* NavigationRoute.swift in Sources */,
			);
			runOnlyForDeploymentPostprocessing = 0;
		};
		F6749C982321B9D4000BDC1C /* Sources */ = {
			isa = PBXSourcesBuildPhase;
			buildActionMask = 2147483647;
			files = (
			);
			runOnlyForDeploymentPostprocessing = 0;
		};
/* End PBXSourcesBuildPhase section */

/* Begin PBXTargetDependency section */
		F6749C9F2321B9D4000BDC1C /* PBXTargetDependency */ = {
			isa = PBXTargetDependency;
			target = F6749C922321B9D4000BDC1C /* CoreNavigation */;
			targetProxy = F6749C9E2321B9D4000BDC1C /* PBXContainerItemProxy */;
		};
/* End PBXTargetDependency section */

/* Begin XCBuildConfiguration section */
		F6749CA52321B9D4000BDC1C /* Debug */ = {
			isa = XCBuildConfiguration;
			buildSettings = {
				ALWAYS_SEARCH_USER_PATHS = NO;
				CLANG_ANALYZER_NONNULL = YES;
				CLANG_ANALYZER_NUMBER_OBJECT_CONVERSION = YES_AGGRESSIVE;
				CLANG_CXX_LANGUAGE_STANDARD = "gnu++14";
				CLANG_CXX_LIBRARY = "libc++";
				CLANG_ENABLE_MODULES = YES;
				CLANG_ENABLE_OBJC_ARC = YES;
				CLANG_ENABLE_OBJC_WEAK = YES;
				CLANG_WARN_BLOCK_CAPTURE_AUTORELEASING = YES;
				CLANG_WARN_BOOL_CONVERSION = YES;
				CLANG_WARN_COMMA = YES;
				CLANG_WARN_CONSTANT_CONVERSION = YES;
				CLANG_WARN_DEPRECATED_OBJC_IMPLEMENTATIONS = YES;
				CLANG_WARN_DIRECT_OBJC_ISA_USAGE = YES_ERROR;
				CLANG_WARN_DOCUMENTATION_COMMENTS = YES;
				CLANG_WARN_EMPTY_BODY = YES;
				CLANG_WARN_ENUM_CONVERSION = YES;
				CLANG_WARN_INFINITE_RECURSION = YES;
				CLANG_WARN_INT_CONVERSION = YES;
				CLANG_WARN_NON_LITERAL_NULL_CONVERSION = YES;
				CLANG_WARN_OBJC_IMPLICIT_RETAIN_SELF = YES;
				CLANG_WARN_OBJC_LITERAL_CONVERSION = YES;
				CLANG_WARN_OBJC_ROOT_CLASS = YES_ERROR;
				CLANG_WARN_RANGE_LOOP_ANALYSIS = YES;
				CLANG_WARN_STRICT_PROTOTYPES = YES;
				CLANG_WARN_SUSPICIOUS_MOVE = YES;
				CLANG_WARN_UNGUARDED_AVAILABILITY = YES_AGGRESSIVE;
				CLANG_WARN_UNREACHABLE_CODE = YES;
				CLANG_WARN__DUPLICATE_METHOD_MATCH = YES;
				CODE_SIGN_IDENTITY = "iPhone Developer";
				COPY_PHASE_STRIP = NO;
				CURRENT_PROJECT_VERSION = 1;
				DEBUG_INFORMATION_FORMAT = dwarf;
				ENABLE_STRICT_OBJC_MSGSEND = YES;
				ENABLE_TESTABILITY = YES;
				GCC_C_LANGUAGE_STANDARD = gnu11;
				GCC_DYNAMIC_NO_PIC = NO;
				GCC_NO_COMMON_BLOCKS = YES;
				GCC_OPTIMIZATION_LEVEL = 0;
				GCC_PREPROCESSOR_DEFINITIONS = (
					"DEBUG=1",
					"$(inherited)",
				);
				GCC_WARN_64_TO_32_BIT_CONVERSION = YES;
				GCC_WARN_ABOUT_RETURN_TYPE = YES_ERROR;
				GCC_WARN_UNDECLARED_SELECTOR = YES;
				GCC_WARN_UNINITIALIZED_AUTOS = YES_AGGRESSIVE;
				GCC_WARN_UNUSED_FUNCTION = YES;
				GCC_WARN_UNUSED_VARIABLE = YES;
				IPHONEOS_DEPLOYMENT_TARGET = 11.0;
				MTL_ENABLE_DEBUG_INFO = INCLUDE_SOURCE;
				MTL_FAST_MATH = YES;
				ONLY_ACTIVE_ARCH = YES;
				SDKROOT = iphoneos;
				SWIFT_ACTIVE_COMPILATION_CONDITIONS = DEBUG;
				SWIFT_OPTIMIZATION_LEVEL = "-Onone";
				VERSIONING_SYSTEM = "apple-generic";
				VERSION_INFO_PREFIX = "";
			};
			name = Debug;
		};
		F6749CA62321B9D4000BDC1C /* Release */ = {
			isa = XCBuildConfiguration;
			buildSettings = {
				ALWAYS_SEARCH_USER_PATHS = NO;
				CLANG_ANALYZER_NONNULL = YES;
				CLANG_ANALYZER_NUMBER_OBJECT_CONVERSION = YES_AGGRESSIVE;
				CLANG_CXX_LANGUAGE_STANDARD = "gnu++14";
				CLANG_CXX_LIBRARY = "libc++";
				CLANG_ENABLE_MODULES = YES;
				CLANG_ENABLE_OBJC_ARC = YES;
				CLANG_ENABLE_OBJC_WEAK = YES;
				CLANG_WARN_BLOCK_CAPTURE_AUTORELEASING = YES;
				CLANG_WARN_BOOL_CONVERSION = YES;
				CLANG_WARN_COMMA = YES;
				CLANG_WARN_CONSTANT_CONVERSION = YES;
				CLANG_WARN_DEPRECATED_OBJC_IMPLEMENTATIONS = YES;
				CLANG_WARN_DIRECT_OBJC_ISA_USAGE = YES_ERROR;
				CLANG_WARN_DOCUMENTATION_COMMENTS = YES;
				CLANG_WARN_EMPTY_BODY = YES;
				CLANG_WARN_ENUM_CONVERSION = YES;
				CLANG_WARN_INFINITE_RECURSION = YES;
				CLANG_WARN_INT_CONVERSION = YES;
				CLANG_WARN_NON_LITERAL_NULL_CONVERSION = YES;
				CLANG_WARN_OBJC_IMPLICIT_RETAIN_SELF = YES;
				CLANG_WARN_OBJC_LITERAL_CONVERSION = YES;
				CLANG_WARN_OBJC_ROOT_CLASS = YES_ERROR;
				CLANG_WARN_RANGE_LOOP_ANALYSIS = YES;
				CLANG_WARN_STRICT_PROTOTYPES = YES;
				CLANG_WARN_SUSPICIOUS_MOVE = YES;
				CLANG_WARN_UNGUARDED_AVAILABILITY = YES_AGGRESSIVE;
				CLANG_WARN_UNREACHABLE_CODE = YES;
				CLANG_WARN__DUPLICATE_METHOD_MATCH = YES;
				CODE_SIGN_IDENTITY = "iPhone Developer";
				COPY_PHASE_STRIP = NO;
				CURRENT_PROJECT_VERSION = 1;
				DEBUG_INFORMATION_FORMAT = "dwarf-with-dsym";
				ENABLE_NS_ASSERTIONS = NO;
				ENABLE_STRICT_OBJC_MSGSEND = YES;
				GCC_C_LANGUAGE_STANDARD = gnu11;
				GCC_NO_COMMON_BLOCKS = YES;
				GCC_WARN_64_TO_32_BIT_CONVERSION = YES;
				GCC_WARN_ABOUT_RETURN_TYPE = YES_ERROR;
				GCC_WARN_UNDECLARED_SELECTOR = YES;
				GCC_WARN_UNINITIALIZED_AUTOS = YES_AGGRESSIVE;
				GCC_WARN_UNUSED_FUNCTION = YES;
				GCC_WARN_UNUSED_VARIABLE = YES;
				IPHONEOS_DEPLOYMENT_TARGET = 11.0;
				MTL_ENABLE_DEBUG_INFO = NO;
				MTL_FAST_MATH = YES;
				SDKROOT = iphoneos;
				SWIFT_COMPILATION_MODE = wholemodule;
				SWIFT_OPTIMIZATION_LEVEL = "-O";
				VALIDATE_PRODUCT = YES;
				VERSIONING_SYSTEM = "apple-generic";
				VERSION_INFO_PREFIX = "";
			};
			name = Release;
		};
		F6749CA82321B9D4000BDC1C /* Debug */ = {
			isa = XCBuildConfiguration;
			buildSettings = {
				CLANG_ENABLE_MODULES = YES;
				CODE_SIGN_IDENTITY = "";
				CODE_SIGN_STYLE = Automatic;
				DEFINES_MODULE = YES;
				DEVELOPMENT_TEAM = 7F8866H6R9;
				DYLIB_COMPATIBILITY_VERSION = 1;
				DYLIB_CURRENT_VERSION = 1;
				DYLIB_INSTALL_NAME_BASE = "@rpath";
				INFOPLIST_FILE = Sources/Top/Info.plist;
				INSTALL_PATH = "$(LOCAL_LIBRARY_DIR)/Frameworks";
				LD_RUNPATH_SEARCH_PATHS = (
					"$(inherited)",
					"@executable_path/Frameworks",
					"@loader_path/Frameworks",
				);
				PRODUCT_BUNDLE_IDENTIFIER = com.tba.superarc.CoreNavigation;
				PRODUCT_NAME = "$(TARGET_NAME:c99extidentifier)";
				SKIP_INSTALL = YES;
				SWIFT_OPTIMIZATION_LEVEL = "-Onone";
				SWIFT_VERSION = 5.0;
				TARGETED_DEVICE_FAMILY = "1,2";
			};
			name = Debug;
		};
		F6749CA92321B9D4000BDC1C /* Release */ = {
			isa = XCBuildConfiguration;
			buildSettings = {
				CLANG_ENABLE_MODULES = YES;
				CODE_SIGN_IDENTITY = "";
				CODE_SIGN_STYLE = Automatic;
				DEFINES_MODULE = YES;
				DEVELOPMENT_TEAM = 7F8866H6R9;
				DYLIB_COMPATIBILITY_VERSION = 1;
				DYLIB_CURRENT_VERSION = 1;
				DYLIB_INSTALL_NAME_BASE = "@rpath";
				INFOPLIST_FILE = Sources/Top/Info.plist;
				INSTALL_PATH = "$(LOCAL_LIBRARY_DIR)/Frameworks";
				LD_RUNPATH_SEARCH_PATHS = (
					"$(inherited)",
					"@executable_path/Frameworks",
					"@loader_path/Frameworks",
				);
				PRODUCT_BUNDLE_IDENTIFIER = com.tba.superarc.CoreNavigation;
				PRODUCT_NAME = "$(TARGET_NAME:c99extidentifier)";
				SKIP_INSTALL = YES;
				SWIFT_VERSION = 5.0;
				TARGETED_DEVICE_FAMILY = "1,2";
			};
			name = Release;
		};
		F6749CAB2321B9D4000BDC1C /* Debug */ = {
			isa = XCBuildConfiguration;
			buildSettings = {
				ALWAYS_EMBED_SWIFT_STANDARD_LIBRARIES = YES;
				CODE_SIGN_STYLE = Automatic;
				DEVELOPMENT_TEAM = 7F8866H6R9;
				INFOPLIST_FILE = CoreNavigationTests/Info.plist;
				LD_RUNPATH_SEARCH_PATHS = (
					"$(inherited)",
					"@executable_path/Frameworks",
					"@loader_path/Frameworks",
				);
				PRODUCT_BUNDLE_IDENTIFIER = com.tba.superarc.CoreNavigationTests;
				PRODUCT_NAME = "$(TARGET_NAME)";
				SWIFT_VERSION = 5.0;
				TARGETED_DEVICE_FAMILY = "1,2";
			};
			name = Debug;
		};
		F6749CAC2321B9D4000BDC1C /* Release */ = {
			isa = XCBuildConfiguration;
			buildSettings = {
				ALWAYS_EMBED_SWIFT_STANDARD_LIBRARIES = YES;
				CODE_SIGN_STYLE = Automatic;
				DEVELOPMENT_TEAM = 7F8866H6R9;
				INFOPLIST_FILE = CoreNavigationTests/Info.plist;
				LD_RUNPATH_SEARCH_PATHS = (
					"$(inherited)",
					"@executable_path/Frameworks",
					"@loader_path/Frameworks",
				);
				PRODUCT_BUNDLE_IDENTIFIER = com.tba.superarc.CoreNavigationTests;
				PRODUCT_NAME = "$(TARGET_NAME)";
				SWIFT_VERSION = 5.0;
				TARGETED_DEVICE_FAMILY = "1,2";
			};
			name = Release;
		};
/* End XCBuildConfiguration section */

/* Begin XCConfigurationList section */
		F6749C8D2321B9D4000BDC1C /* Build configuration list for PBXProject "CoreNavigation" */ = {
			isa = XCConfigurationList;
			buildConfigurations = (
				F6749CA52321B9D4000BDC1C /* Debug */,
				F6749CA62321B9D4000BDC1C /* Release */,
			);
			defaultConfigurationIsVisible = 0;
			defaultConfigurationName = Release;
		};
		F6749CA72321B9D4000BDC1C /* Build configuration list for PBXNativeTarget "CoreNavigation" */ = {
			isa = XCConfigurationList;
			buildConfigurations = (
				F6749CA82321B9D4000BDC1C /* Debug */,
				F6749CA92321B9D4000BDC1C /* Release */,
			);
			defaultConfigurationIsVisible = 0;
			defaultConfigurationName = Release;
		};
		F6749CAA2321B9D4000BDC1C /* Build configuration list for PBXNativeTarget "CoreNavigationTests" */ = {
			isa = XCConfigurationList;
			buildConfigurations = (
				F6749CAB2321B9D4000BDC1C /* Debug */,
				F6749CAC2321B9D4000BDC1C /* Release */,
			);
			defaultConfigurationIsVisible = 0;
			defaultConfigurationName = Release;
		};
/* End XCConfigurationList section */
	};
	rootObject = F6749C8A2321B9D4000BDC1C /* Project object */;
}
